// !$*UTF8*$!
{
	archiveVersion = 1;
	classes = {
	};
	objectVersion = 56;
	objects = {

/* Begin PBXBuildFile section */
		8E71C1DB29DED08900C9620C /* AppDelegate.swift in Sources */ = {isa = PBXBuildFile; fileRef = 8E71C1DA29DED08900C9620C /* AppDelegate.swift */; };
		8E71C1DD29DED08900C9620C /* SceneDelegate.swift in Sources */ = {isa = PBXBuildFile; fileRef = 8E71C1DC29DED08900C9620C /* SceneDelegate.swift */; };
		8E71C1E229DED08900C9620C /* Main.storyboard in Resources */ = {isa = PBXBuildFile; fileRef = 8E71C1E029DED08900C9620C /* Main.storyboard */; };
		8E71C1E429DED08C00C9620C /* Assets.xcassets in Resources */ = {isa = PBXBuildFile; fileRef = 8E71C1E329DED08C00C9620C /* Assets.xcassets */; };
		8E71C1E729DED08C00C9620C /* LaunchScreen.storyboard in Resources */ = {isa = PBXBuildFile; fileRef = 8E71C1E529DED08C00C9620C /* LaunchScreen.storyboard */; };
		8E71C1EF29DED0F300C9620C /* TableViewController.swift in Sources */ = {isa = PBXBuildFile; fileRef = 8E71C1EE29DED0F300C9620C /* TableViewController.swift */; };
		8E71C1F129DED11D00C9620C /* Profile.swift in Sources */ = {isa = PBXBuildFile; fileRef = 8E71C1F029DED11D00C9620C /* Profile.swift */; };
		8E71C1F329DED2C900C9620C /* TableViewCell.swift in Sources */ = {isa = PBXBuildFile; fileRef = 8E71C1F229DED2C900C9620C /* TableViewCell.swift */; };
		8E71C1F729DED63F00C9620C /* ViewModel.swift in Sources */ = {isa = PBXBuildFile; fileRef = 8E71C1F629DED63F00C9620C /* ViewModel.swift */; };
		8E71C1F929DED6A100C9620C /* TableViewModelType.swift in Sources */ = {isa = PBXBuildFile; fileRef = 8E71C1F829DED6A100C9620C /* TableViewModelType.swift */; };
		8E95492829DEEF1400DF8731 /* TableViewCellModelType.swift in Sources */ = {isa = PBXBuildFile; fileRef = 8E95492729DEEF1400DF8731 /* TableViewCellModelType.swift */; };
		8E95492A29DEEF9F00DF8731 /* TableViewCellViewModel.swift in Sources */ = {isa = PBXBuildFile; fileRef = 8E95492929DEEF9F00DF8731 /* TableViewCellViewModel.swift */; };
		8E95492C29DF186600DF8731 /* DetailViewController.swift in Sources */ = {isa = PBXBuildFile; fileRef = 8E95492B29DF186600DF8731 /* DetailViewController.swift */; };
		8E95492E29DF18F700DF8731 /* DetailViewModelType.swift in Sources */ = {isa = PBXBuildFile; fileRef = 8E95492D29DF18F700DF8731 /* DetailViewModelType.swift */; };
		8E95493029DF191B00DF8731 /* DetailViewModel.swift in Sources */ = {isa = PBXBuildFile; fileRef = 8E95492F29DF191B00DF8731 /* DetailViewModel.swift */; };
		8E95493229DF2F7A00DF8731 /* Box.swift in Sources */ = {isa = PBXBuildFile; fileRef = 8E95493129DF2F7A00DF8731 /* Box.swift */; };
/* End PBXBuildFile section */

/* Begin PBXFileReference section */
		8E71C1D729DED08900C9620C /* MVVM-2.app */ = {isa = PBXFileReference; explicitFileType = wrapper.application; includeInIndex = 0; path = "MVVM-2.app"; sourceTree = BUILT_PRODUCTS_DIR; };
		8E71C1DA29DED08900C9620C /* AppDelegate.swift */ = {isa = PBXFileReference; lastKnownFileType = sourcecode.swift; path = AppDelegate.swift; sourceTree = "<group>"; };
		8E71C1DC29DED08900C9620C /* SceneDelegate.swift */ = {isa = PBXFileReference; lastKnownFileType = sourcecode.swift; path = SceneDelegate.swift; sourceTree = "<group>"; };
		8E71C1E129DED08900C9620C /* Base */ = {isa = PBXFileReference; lastKnownFileType = file.storyboard; name = Base; path = Base.lproj/Main.storyboard; sourceTree = "<group>"; };
		8E71C1E329DED08C00C9620C /* Assets.xcassets */ = {isa = PBXFileReference; lastKnownFileType = folder.assetcatalog; path = Assets.xcassets; sourceTree = "<group>"; };
		8E71C1E629DED08C00C9620C /* Base */ = {isa = PBXFileReference; lastKnownFileType = file.storyboard; name = Base; path = Base.lproj/LaunchScreen.storyboard; sourceTree = "<group>"; };
		8E71C1E829DED08C00C9620C /* Info.plist */ = {isa = PBXFileReference; lastKnownFileType = text.plist.xml; path = Info.plist; sourceTree = "<group>"; };
		8E71C1EE29DED0F300C9620C /* TableViewController.swift */ = {isa = PBXFileReference; lastKnownFileType = sourcecode.swift; path = TableViewController.swift; sourceTree = "<group>"; };
		8E71C1F029DED11D00C9620C /* Profile.swift */ = {isa = PBXFileReference; lastKnownFileType = sourcecode.swift; path = Profile.swift; sourceTree = "<group>"; };
		8E71C1F229DED2C900C9620C /* TableViewCell.swift */ = {isa = PBXFileReference; lastKnownFileType = sourcecode.swift; path = TableViewCell.swift; sourceTree = "<group>"; };
		8E71C1F629DED63F00C9620C /* ViewModel.swift */ = {isa = PBXFileReference; lastKnownFileType = sourcecode.swift; path = ViewModel.swift; sourceTree = "<group>"; };
		8E71C1F829DED6A100C9620C /* TableViewModelType.swift */ = {isa = PBXFileReference; lastKnownFileType = sourcecode.swift; path = TableViewModelType.swift; sourceTree = "<group>"; };
		8E95492729DEEF1400DF8731 /* TableViewCellModelType.swift */ = {isa = PBXFileReference; lastKnownFileType = sourcecode.swift; path = TableViewCellModelType.swift; sourceTree = "<group>"; };
		8E95492929DEEF9F00DF8731 /* TableViewCellViewModel.swift */ = {isa = PBXFileReference; lastKnownFileType = sourcecode.swift; path = TableViewCellViewModel.swift; sourceTree = "<group>"; };
		8E95492B29DF186600DF8731 /* DetailViewController.swift */ = {isa = PBXFileReference; lastKnownFileType = sourcecode.swift; path = DetailViewController.swift; sourceTree = "<group>"; };
		8E95492D29DF18F700DF8731 /* DetailViewModelType.swift */ = {isa = PBXFileReference; lastKnownFileType = sourcecode.swift; path = DetailViewModelType.swift; sourceTree = "<group>"; };
		8E95492F29DF191B00DF8731 /* DetailViewModel.swift */ = {isa = PBXFileReference; lastKnownFileType = sourcecode.swift; path = DetailViewModel.swift; sourceTree = "<group>"; };
		8E95493129DF2F7A00DF8731 /* Box.swift */ = {isa = PBXFileReference; lastKnownFileType = sourcecode.swift; path = Box.swift; sourceTree = "<group>"; };
/* End PBXFileReference section */

/* Begin PBXFrameworksBuildPhase section */
		8E71C1D429DED08900C9620C /* Frameworks */ = {
			isa = PBXFrameworksBuildPhase;
			buildActionMask = 2147483647;
			files = (
			);
			runOnlyForDeploymentPostprocessing = 0;
		};
/* End PBXFrameworksBuildPhase section */

/* Begin PBXGroup section */
		8E71C1CE29DED08900C9620C = {
			isa = PBXGroup;
			children = (
				8E71C1D929DED08900C9620C /* MVVM-2 */,
				8E71C1D829DED08900C9620C /* Products */,
			);
			sourceTree = "<group>";
		};
		8E71C1D829DED08900C9620C /* Products */ = {
			isa = PBXGroup;
			children = (
				8E71C1D729DED08900C9620C /* MVVM-2.app */,
			);
			name = Products;
			sourceTree = "<group>";
		};
		8E71C1D929DED08900C9620C /* MVVM-2 */ = {
			isa = PBXGroup;
			children = (
				8E71C1DA29DED08900C9620C /* AppDelegate.swift */,
				8E71C1DC29DED08900C9620C /* SceneDelegate.swift */,
				8E95493129DF2F7A00DF8731 /* Box.swift */,
				8E71C1E029DED08900C9620C /* Main.storyboard */,
				8E71C1FA29DED6FF00C9620C /* ViewModel */,
				8E71C1FB29DED70600C9620C /* Protocols */,
				8E71C1F529DED35300C9620C /* View */,
				8E71C1F429DED34B00C9620C /* Model */,
				8E71C1E329DED08C00C9620C /* Assets.xcassets */,
				8E71C1E529DED08C00C9620C /* LaunchScreen.storyboard */,
				8E71C1E829DED08C00C9620C /* Info.plist */,
			);
			path = "MVVM-2";
			sourceTree = "<group>";
		};
		8E71C1F429DED34B00C9620C /* Model */ = {
			isa = PBXGroup;
			children = (
				8E71C1F029DED11D00C9620C /* Profile.swift */,
			);
			path = Model;
			sourceTree = "<group>";
		};
		8E71C1F529DED35300C9620C /* View */ = {
			isa = PBXGroup;
			children = (
				8E71C1EE29DED0F300C9620C /* TableViewController.swift */,
				8E95492B29DF186600DF8731 /* DetailViewController.swift */,
				8E71C1F229DED2C900C9620C /* TableViewCell.swift */,
			);
			path = View;
			sourceTree = "<group>";
		};
		8E71C1FA29DED6FF00C9620C /* ViewModel */ = {
			isa = PBXGroup;
			children = (
				8E71C1F629DED63F00C9620C /* ViewModel.swift */,
				8E95492929DEEF9F00DF8731 /* TableViewCellViewModel.swift */,
				8E95492F29DF191B00DF8731 /* DetailViewModel.swift */,
			);
			path = ViewModel;
			sourceTree = "<group>";
		};
		8E71C1FB29DED70600C9620C /* Protocols */ = {
			isa = PBXGroup;
			children = (
				8E71C1F829DED6A100C9620C /* TableViewModelType.swift */,
				8E95492729DEEF1400DF8731 /* TableViewCellModelType.swift */,
				8E95492D29DF18F700DF8731 /* DetailViewModelType.swift */,
			);
			path = Protocols;
			sourceTree = "<group>";
		};
/* End PBXGroup section */

/* Begin PBXNativeTarget section */
		8E71C1D629DED08900C9620C /* MVVM-2 */ = {
			isa = PBXNativeTarget;
			buildConfigurationList = 8E71C1EB29DED08C00C9620C /* Build configuration list for PBXNativeTarget "MVVM-2" */;
			buildPhases = (
				8E71C1D329DED08900C9620C /* Sources */,
				8E71C1D429DED08900C9620C /* Frameworks */,
				8E71C1D529DED08900C9620C /* Resources */,
			);
			buildRules = (
			);
			dependencies = (
			);
			name = "MVVM-2";
			productName = "MVVM-2";
			productReference = 8E71C1D729DED08900C9620C /* MVVM-2.app */;
			productType = "com.apple.product-type.application";
		};
/* End PBXNativeTarget section */

/* Begin PBXProject section */
		8E71C1CF29DED08900C9620C /* Project object */ = {
			isa = PBXProject;
			attributes = {
				BuildIndependentTargetsInParallel = 1;
				LastSwiftUpdateCheck = 1430;
				LastUpgradeCheck = 1430;
				TargetAttributes = {
					8E71C1D629DED08900C9620C = {
						CreatedOnToolsVersion = 14.3;
					};
				};
			};
			buildConfigurationList = 8E71C1D229DED08900C9620C /* Build configuration list for PBXProject "MVVM-2" */;
			compatibilityVersion = "Xcode 14.0";
			developmentRegion = en;
			hasScannedForEncodings = 0;
			knownRegions = (
				en,
				Base,
			);
			mainGroup = 8E71C1CE29DED08900C9620C;
			productRefGroup = 8E71C1D829DED08900C9620C /* Products */;
			projectDirPath = "";
			projectRoot = "";
			targets = (
				8E71C1D629DED08900C9620C /* MVVM-2 */,
			);
		};
/* End PBXProject section */

/* Begin PBXResourcesBuildPhase section */
		8E71C1D529DED08900C9620C /* Resources */ = {
			isa = PBXResourcesBuildPhase;
			buildActionMask = 2147483647;
			files = (
				8E71C1E729DED08C00C9620C /* LaunchScreen.storyboard in Resources */,
				8E71C1E429DED08C00C9620C /* Assets.xcassets in Resources */,
				8E71C1E229DED08900C9620C /* Main.storyboard in Resources */,
			);
			runOnlyForDeploymentPostprocessing = 0;
		};
/* End PBXResourcesBuildPhase section */

/* Begin PBXSourcesBuildPhase section */
		8E71C1D329DED08900C9620C /* Sources */ = {
			isa = PBXSourcesBuildPhase;
			buildActionMask = 2147483647;
			files = (
				8E71C1F329DED2C900C9620C /* TableViewCell.swift in Sources */,
				8E71C1DB29DED08900C9620C /* AppDelegate.swift in Sources */,
				8E71C1F129DED11D00C9620C /* Profile.swift in Sources */,
				8E71C1EF29DED0F300C9620C /* TableViewController.swift in Sources */,
				8E71C1F929DED6A100C9620C /* TableViewModelType.swift in Sources */,
				8E95492829DEEF1400DF8731 /* TableViewCellModelType.swift in Sources */,
				8E95493229DF2F7A00DF8731 /* Box.swift in Sources */,
				8E95492E29DF18F700DF8731 /* DetailViewModelType.swift in Sources */,
				8E95493029DF191B00DF8731 /* DetailViewModel.swift in Sources */,
				8E95492A29DEEF9F00DF8731 /* TableViewCellViewModel.swift in Sources */,
				8E95492C29DF186600DF8731 /* DetailViewController.swift in Sources */,
				8E71C1F729DED63F00C9620C /* ViewModel.swift in Sources */,
				8E71C1DD29DED08900C9620C /* SceneDelegate.swift in Sources */,
			);
			runOnlyForDeploymentPostprocessing = 0;
		};
/* End PBXSourcesBuildPhase section */

/* Begin PBXVariantGroup section */
		8E71C1E029DED08900C9620C /* Main.storyboard */ = {
			isa = PBXVariantGroup;
			children = (
				8E71C1E129DED08900C9620C /* Base */,
			);
			name = Main.storyboard;
			sourceTree = "<group>";
		};
		8E71C1E529DED08C00C9620C /* LaunchScreen.storyboard */ = {
			isa = PBXVariantGroup;
			children = (
				8E71C1E629DED08C00C9620C /* Base */,
			);
			name = LaunchScreen.storyboard;
			sourceTree = "<group>";
		};
/* End PBXVariantGroup section */

/* Begin XCBuildConfiguration section */
		8E71C1E929DED08C00C9620C /* Debug */ = {
			isa = XCBuildConfiguration;
			buildSettings = {
				ALWAYS_SEARCH_USER_PATHS = NO;
				CLANG_ANALYZER_NONNULL = YES;
				CLANG_ANALYZER_NUMBER_OBJECT_CONVERSION = YES_AGGRESSIVE;
				CLANG_CXX_LANGUAGE_STANDARD = "gnu++20";
				CLANG_ENABLE_MODULES = YES;
				CLANG_ENABLE_OBJC_ARC = YES;
				CLANG_ENABLE_OBJC_WEAK = YES;
				CLANG_WARN_BLOCK_CAPTURE_AUTORELEASING = YES;
				CLANG_WARN_BOOL_CONVERSION = YES;
				CLANG_WARN_COMMA = YES;
				CLANG_WARN_CONSTANT_CONVERSION = YES;
				CLANG_WARN_DEPRECATED_OBJC_IMPLEMENTATIONS = YES;
				CLANG_WARN_DIRECT_OBJC_ISA_USAGE = YES_ERROR;
				CLANG_WARN_DOCUMENTATION_COMMENTS = YES;
				CLANG_WARN_EMPTY_BODY = YES;
				CLANG_WARN_ENUM_CONVERSION = YES;
				CLANG_WARN_INFINITE_RECURSION = YES;
				CLANG_WARN_INT_CONVERSION = YES;
				CLANG_WARN_NON_LITERAL_NULL_CONVERSION = YES;
				CLANG_WARN_OBJC_IMPLICIT_RETAIN_SELF = YES;
				CLANG_WARN_OBJC_LITERAL_CONVERSION = YES;
				CLANG_WARN_OBJC_ROOT_CLASS = YES_ERROR;
				CLANG_WARN_QUOTED_INCLUDE_IN_FRAMEWORK_HEADER = YES;
				CLANG_WARN_RANGE_LOOP_ANALYSIS = YES;
				CLANG_WARN_STRICT_PROTOTYPES = YES;
				CLANG_WARN_SUSPICIOUS_MOVE = YES;
				CLANG_WARN_UNGUARDED_AVAILABILITY = YES_AGGRESSIVE;
				CLANG_WARN_UNREACHABLE_CODE = YES;
				CLANG_WARN__DUPLICATE_METHOD_MATCH = YES;
				COPY_PHASE_STRIP = NO;
				DEBUG_INFORMATION_FORMAT = dwarf;
				ENABLE_STRICT_OBJC_MSGSEND = YES;
				ENABLE_TESTABILITY = YES;
				GCC_C_LANGUAGE_STANDARD = gnu11;
				GCC_DYNAMIC_NO_PIC = NO;
				GCC_NO_COMMON_BLOCKS = YES;
				GCC_OPTIMIZATION_LEVEL = 0;
				GCC_PREPROCESSOR_DEFINITIONS = (
					"DEBUG=1",
					"$(inherited)",
				);
				GCC_WARN_64_TO_32_BIT_CONVERSION = YES;
				GCC_WARN_ABOUT_RETURN_TYPE = YES_ERROR;
				GCC_WARN_UNDECLARED_SELECTOR = YES;
				GCC_WARN_UNINITIALIZED_AUTOS = YES_AGGRESSIVE;
				GCC_WARN_UNUSED_FUNCTION = YES;
				GCC_WARN_UNUSED_VARIABLE = YES;
				IPHONEOS_DEPLOYMENT_TARGET = 16.4;
				MTL_ENABLE_DEBUG_INFO = INCLUDE_SOURCE;
				MTL_FAST_MATH = YES;
				ONLY_ACTIVE_ARCH = YES;
				SDKROOT = iphoneos;
				SWIFT_ACTIVE_COMPILATION_CONDITIONS = DEBUG;
				SWIFT_OPTIMIZATION_LEVEL = "-Onone";
			};
			name = Debug;
		};
		8E71C1EA29DED08C00C9620C /* Release */ = {
			isa = XCBuildConfiguration;
			buildSettings = {
				ALWAYS_SEARCH_USER_PATHS = NO;
				CLANG_ANALYZER_NONNULL = YES;
				CLANG_ANALYZER_NUMBER_OBJECT_CONVERSION = YES_AGGRESSIVE;
				CLANG_CXX_LANGUAGE_STANDARD = "gnu++20";
				CLANG_ENABLE_MODULES = YES;
				CLANG_ENABLE_OBJC_ARC = YES;
				CLANG_ENABLE_OBJC_WEAK = YES;
				CLANG_WARN_BLOCK_CAPTURE_AUTORELEASING = YES;
				CLANG_WARN_BOOL_CONVERSION = YES;
				CLANG_WARN_COMMA = YES;
				CLANG_WARN_CONSTANT_CONVERSION = YES;
				CLANG_WARN_DEPRECATED_OBJC_IMPLEMENTATIONS = YES;
				CLANG_WARN_DIRECT_OBJC_ISA_USAGE = YES_ERROR;
				CLANG_WARN_DOCUMENTATION_COMMENTS = YES;
				CLANG_WARN_EMPTY_BODY = YES;
				CLANG_WARN_ENUM_CONVERSION = YES;
				CLANG_WARN_INFINITE_RECURSION = YES;
				CLANG_WARN_INT_CONVERSION = YES;
				CLANG_WARN_NON_LITERAL_NULL_CONVERSION = YES;
				CLANG_WARN_OBJC_IMPLICIT_RETAIN_SELF = YES;
				CLANG_WARN_OBJC_LITERAL_CONVERSION = YES;
				CLANG_WARN_OBJC_ROOT_CLASS = YES_ERROR;
				CLANG_WARN_QUOTED_INCLUDE_IN_FRAMEWORK_HEADER = YES;
				CLANG_WARN_RANGE_LOOP_ANALYSIS = YES;
				CLANG_WARN_STRICT_PROTOTYPES = YES;
				CLANG_WARN_SUSPICIOUS_MOVE = YES;
				CLANG_WARN_UNGUARDED_AVAILABILITY = YES_AGGRESSIVE;
				CLANG_WARN_UNREACHABLE_CODE = YES;
				CLANG_WARN__DUPLICATE_METHOD_MATCH = YES;
				COPY_PHASE_STRIP = NO;
				DEBUG_INFORMATION_FORMAT = "dwarf-with-dsym";
				ENABLE_NS_ASSERTIONS = NO;
				ENABLE_STRICT_OBJC_MSGSEND = YES;
				GCC_C_LANGUAGE_STANDARD = gnu11;
				GCC_NO_COMMON_BLOCKS = YES;
				GCC_WARN_64_TO_32_BIT_CONVERSION = YES;
				GCC_WARN_ABOUT_RETURN_TYPE = YES_ERROR;
				GCC_WARN_UNDECLARED_SELECTOR = YES;
				GCC_WARN_UNINITIALIZED_AUTOS = YES_AGGRESSIVE;
				GCC_WARN_UNUSED_FUNCTION = YES;
				GCC_WARN_UNUSED_VARIABLE = YES;
				IPHONEOS_DEPLOYMENT_TARGET = 16.4;
				MTL_ENABLE_DEBUG_INFO = NO;
				MTL_FAST_MATH = YES;
				SDKROOT = iphoneos;
				SWIFT_COMPILATION_MODE = wholemodule;
				SWIFT_OPTIMIZATION_LEVEL = "-O";
				VALIDATE_PRODUCT = YES;
			};
			name = Release;
		};
		8E71C1EC29DED08C00C9620C /* Debug */ = {
			isa = XCBuildConfiguration;
			buildSettings = {
				ASSETCATALOG_COMPILER_APPICON_NAME = AppIcon;
				ASSETCATALOG_COMPILER_GLOBAL_ACCENT_COLOR_NAME = AccentColor;
				CODE_SIGN_STYLE = Automatic;
				CURRENT_PROJECT_VERSION = 1;
				DEVELOPMENT_TEAM = N2LF8DTSP7;
				GENERATE_INFOPLIST_FILE = YES;
				INFOPLIST_FILE = "MVVM-2/Info.plist";
				INFOPLIST_KEY_UIApplicationSupportsIndirectInputEvents = YES;
				INFOPLIST_KEY_UILaunchStoryboardName = LaunchScreen;
				INFOPLIST_KEY_UIMainStoryboardFile = Main;
				INFOPLIST_KEY_UISupportedInterfaceOrientations_iPad = "UIInterfaceOrientationPortrait UIInterfaceOrientationPortraitUpsideDown UIInterfaceOrientationLandscapeLeft UIInterfaceOrientationLandscapeRight";
				INFOPLIST_KEY_UISupportedInterfaceOrientations_iPhone = "UIInterfaceOrientationPortrait UIInterfaceOrientationLandscapeLeft UIInterfaceOrientationLandscapeRight";
				LD_RUNPATH_SEARCH_PATHS = (
					"$(inherited)",
					"@executable_path/Frameworks",
				);
				MARKETING_VERSION = 1.0;
				PRODUCT_BUNDLE_IDENTIFIER = "kinzerskiy.MVVM-2";
				PRODUCT_NAME = "$(TARGET_NAME)";
				SWIFT_EMIT_LOC_STRINGS = YES;
				SWIFT_VERSION = 5.0;
				TARGETED_DEVICE_FAMILY = "1,2";
			};
			name = Debug;
		};
		8E71C1ED29DED08C00C9620C /* Release */ = {
			isa = XCBuildConfiguration;
			buildSettings = {
				ASSETCATALOG_COMPILER_APPICON_NAME = AppIcon;
				ASSETCATALOG_COMPILER_GLOBAL_ACCENT_COLOR_NAME = AccentColor;
				CODE_SIGN_STYLE = Automatic;
				CURRENT_PROJECT_VERSION = 1;
				DEVELOPMENT_TEAM = N2LF8DTSP7;
				GENERATE_INFOPLIST_FILE = YES;
				INFOPLIST_FILE = "MVVM-2/Info.plist";
				INFOPLIST_KEY_UIApplicationSupportsIndirectInputEvents = YES;
				INFOPLIST_KEY_UILaunchStoryboardName = LaunchScreen;
				INFOPLIST_KEY_UIMainStoryboardFile = Main;
				INFOPLIST_KEY_UISupportedInterfaceOrientations_iPad = "UIInterfaceOrientationPortrait UIInterfaceOrientationPortraitUpsideDown UIInterfaceOrientationLandscapeLeft UIInterfaceOrientationLandscapeRight";
				INFOPLIST_KEY_UISupportedInterfaceOrientations_iPhone = "UIInterfaceOrientationPortrait UIInterfaceOrientationLandscapeLeft UIInterfaceOrientationLandscapeRight";
				LD_RUNPATH_SEARCH_PATHS = (
					"$(inherited)",
					"@executable_path/Frameworks",
				);
				MARKETING_VERSION = 1.0;
				PRODUCT_BUNDLE_IDENTIFIER = "kinzerskiy.MVVM-2";
				PRODUCT_NAME = "$(TARGET_NAME)";
				SWIFT_EMIT_LOC_STRINGS = YES;
				SWIFT_VERSION = 5.0;
				TARGETED_DEVICE_FAMILY = "1,2";
			};
			name = Release;
		};
/* End XCBuildConfiguration section */

/* Begin XCConfigurationList section */
		8E71C1D229DED08900C9620C /* Build configuration list for PBXProject "MVVM-2" */ = {
			isa = XCConfigurationList;
			buildConfigurations = (
				8E71C1E929DED08C00C9620C /* Debug */,
				8E71C1EA29DED08C00C9620C /* Release */,
			);
			defaultConfigurationIsVisible = 0;
			defaultConfigurationName = Release;
		};
		8E71C1EB29DED08C00C9620C /* Build configuration list for PBXNativeTarget "MVVM-2" */ = {
			isa = XCConfigurationList;
			buildConfigurations = (
				8E71C1EC29DED08C00C9620C /* Debug */,
				8E71C1ED29DED08C00C9620C /* Release */,
			);
			defaultConfigurationIsVisible = 0;
			defaultConfigurationName = Release;
		};
/* End XCConfigurationList section */
	};
	rootObject = 8E71C1CF29DED08900C9620C /* Project object */;
}
